{"_meta":{"file-type":"spack-lockfile","lockfile-version":5,"specfile-version":4},"spack":{"version":"0.21.1.dev0","type":"git","commit":"5a06f19dd176f84159ced4ca75d8cbee3a6b9e56"},"roots":[{"hash":"5dqa22jiadepasivmtbkvplu6ucry3qh","spec":"sp@2.5.0"}],"concrete_specs":{"5dqa22jiadepasivmtbkvplu6ucry3qh":{"name":"sp","version":"2.5.0","arch":{"platform":"linux","platform_os":"centos8","target":{"name":"zen","vendor":"AuthenticAMD","features":["abm","aes","avx","avx2","bmi1","bmi2","clflushopt","clzero","cx16","f16c","fma","fsgsbase","mmx","movbe","pclmulqdq","popcnt","rdseed","sse","sse2","sse4_1","sse4_2","sse4a","ssse3","xsavec","xsaveopt"],"generation":0,"parents":["x86_64_v3"]}},"compiler":{"name":"gcc","version":"8.5.0"},"namespace":"builtin","parameters":{"build_system":"cmake","build_type":"Release","generator":"make","ipo":false,"openmp":false,"pic":true,"precision":["8","d"],"derp":"none","shared":false,"cflags":[],"cppflags":[],"cxxflags":[],"fflags":[],"ldflags":[],"ldlibs":[]},"package_hash":"wgwpmenbjmbqyiar5djncippvybyxbw3zwgofoqsixx6kf5n737a====","dependencies":[{"name":"cmake","hash":"qjf2medg2vff5gn4htfd43rgdex7sv4d","parameters":{"deptypes":["build"],"virtuals":[]}},{"name":"gmake","hash":"d2a25i7irwfiy3librk4xaqpiv3qzkkg","parameters":{"deptypes":["build"],"virtuals":[]}}],"hash":"5dqa22jiadepasivmtbkvplu6ucry3qh"},"qjf2medg2vff5gn4htfd43rgdex7sv4d":{"name":"cmake","version":"3.20.2","arch":{"platform":"linux","platform_os":"centos8","target":{"name":"zen","vendor":"AuthenticAMD","features":["abm","aes","avx","avx2","bmi1","bmi2","clflushopt","clzero","cx16","f16c","fma","fsgsbase","mmx","movbe","pclmulqdq","popcnt","rdseed","sse","sse2","sse4_1","sse4_2","sse4a","ssse3","xsavec","xsaveopt"],"generation":0,"parents":["x86_64_v3"]}},"compiler":{"name":"gcc","version":"8.5.0"},"namespace":"builtin","parameters":{"build_system":"generic","build_type":"Release","doc":false,"ncurses":true,"owncurl":false,"ownlibs":false,"cflags":[],"cppflags":[],"cxxflags":[],"fflags":[],"ldflags":[],"ldlibs":[]},"external":{"path":"/usr","module":null,"extra_attributes":{}},"package_hash":"usp3csiedkkf6skym4g5erzxxcbck4d7is3ilzzx7fv6vkuk452q====","hash":"qjf2medg2vff5gn4htfd43rgdex7sv4d"},"d2a25i7irwfiy3librk4xaqpiv3qzkkg":{"name":"gmake","version":"4.2.1","arch":{"platform":"linux","platform_os":"centos8","target":{"name":"zen","vendor":"AuthenticAMD","features":["abm","aes","avx","avx2","bmi1","bmi2","clflushopt","clzero","cx16","f16c","fma","fsgsbase","mmx","movbe","pclmulqdq","popcnt","rdseed","sse","sse2","sse4_1","sse4_2","sse4a","ssse3","xsavec","xsaveopt"],"generation":0,"parents":["x86_64_v3"]}},"compiler":{"name":"gcc","version":"8.5.0"},"namespace":"builtin","parameters":{"build_system":"generic","guile":false,"patches":["ca60bd9c1a1b35bc0dc58b6a4a19d5c2651f7a94a4b22b2c5ea001a1ca7a8a7f","fe5b60d091c33f169740df8cb718bf4259f84528b42435194ffe0dd5b79cd125"],"cflags":[],"cppflags":[],"cxxflags":[],"fflags":[],"ldflags":[],"ldlibs":[]},"external":{"path":"/usr","module":null,"extra_attributes":{}},"patches":["fe5b60d091c33f169740df8cb718bf4259f84528b42435194ffe0dd5b79cd125","ca60bd9c1a1b35bc0dc58b6a4a19d5c2651f7a94a4b22b2c5ea001a1ca7a8a7f"],"package_hash":"duirzgwy5733by27cjxcobmm4wsnw63uvriq5y7x45f4din4m4qa====","hash":"d2a25i7irwfiy3librk4xaqpiv3qzkkg"}}}
